
Microsoft Visual Studio Solution File, Format Version 11.00
# Visual Studio 2010
Project("{8BC9CEB8-8B4A-11D0-8D11-00A0C91BC942}") = "hashing", "hashing\hashing.vcxproj", "{573E34FA-6E2C-4F34-9E19-0197DCB3222C}"
EndProject
Global
	GlobalSection(SolutionConfigurationPlatforms) = preSolution
		Debug|Win32 = Debug|Win32
		Release|Win32 = Release|Win32
	EndGlobalSection
	GlobalSection(ProjectConfigurationPlatforms) = postSolution
		{573E34FA-6E2C-4F34-9E19-0197DCB3222C}.Debug|Win32.ActiveCfg = Debug|Win32
		{573E34FA-6E2C-4F34-9E19-0197DCB3222C}.Debug|Win32.Build.0 = Debug|Win32
		{573E34FA-6E2C-4F34-9E19-0197DCB3222C}.Release|Win32.ActiveCfg = Release|Win32
		{573E34FA-6E2C-4F34-9E19-0197DCB3222C}.Release|Win32.Build.0 = Release|Win32
	EndGlobalSection
	GlobalSection(SolutionProperties) = preSolution
		HideSolutionNode = FALSE
	EndGlobalSection
EndGlobal
